<?xml version="1.0" encoding="utf-8"?>
<Project ToolsVersion="4.0" xmlns="http://schemas.microsoft.com/developer/msbuild/2003">
  <ItemGroup>
    <Filter Include="gui">
      <UniqueIdentifier>{6b495f11-badc-4f0d-9e89-b2c10e20c8b1}</UniqueIdentifier>
    </Filter>
    <Filter Include="imgui">
      <UniqueIdentifier>{2adcd90a-df1d-4a21-ac37-f643f18cf20e}</UniqueIdentifier>
    </Filter>
    <Filter Include="main">
      <UniqueIdentifier>{43f4b16a-5229-4f0f-b6f1-0a1bce1a8d9f}</UniqueIdentifier>
    </Filter>
  </ItemGroup>
  <ItemGroup>
    <ClCompile Include="..\src\gui\GUI.cpp">
      <Filter>gui</Filter>
    </ClCompile>
    <ClCompile Include="..\src\gui\GUIGame.cpp">
      <Filter>gui</Filter>
    </ClCompile>
    <ClCompile Include="..\src\imgui\imgui-SFML.cpp">
      <Filter>imgui</Filter>
    </ClCompile>
    <ClCompile Include="..\src\imgui\imgui.cpp">
      <Filter>imgui</Filter>
    </ClCompile>
    <ClCompile Include="..\src\imgui\imgui_demo.cpp">
      <Filter>imgui</Filter>
    </ClCompile>
    <ClCompile Include="..\src\imgui\imgui_draw.cpp">
      <Filter>imgui</Filter>
    </ClCompile>
    <ClCompile Include="..\src\imgui\imgui_stdlib.cpp">
      <Filter>imgui</Filter>
    </ClCompile>
    <ClCompile Include="..\src\imgui\imgui_tables.cpp">
      <Filter>imgui</Filter>
    </ClCompile>
    <ClCompile Include="..\src\imgui\imgui_widgets.cpp">
      <Filter>imgui</Filter>
    </ClCompile>
    <ClCompile Include="..\src\main\main.cpp">
      <Filter>main</Filter>
    </ClCompile>
    <ClCompile Include="..\src\main\SearchExperiment.cpp">
      <Filter>main</Filter>
    </ClCompile>
    <ClCompile Include="..\src\TutorialCode.cpp" />
  </ItemGroup>
  <ItemGroup>
    <ClInclude Include="..\src\gui\GUI.h">
      <Filter>gui</Filter>
    </ClInclude>
    <ClInclude Include="..\src\gui\GUIGame.h">
      <Filter>gui</Filter>
    </ClInclude>
    <ClInclude Include="..\src\main\SearchExperiment.h">
      <Filter>main</Filter>
    </ClInclude>
    <ClInclude Include="..\src\imgui\imconfig-SFML.h">
      <Filter>imgui</Filter>
    </ClInclude>
    <ClInclude Include="..\src\imgui\imconfig.h">
      <Filter>imgui</Filter>
    </ClInclude>
    <ClInclude Include="..\src\imgui\imgui-SFML.h">
      <Filter>imgui</Filter>
    </ClInclude>
    <ClInclude Include="..\src\imgui\imgui-SFML_export.h">
      <Filter>imgui</Filter>
    </ClInclude>
    <ClInclude Include="..\src\imgui\imgui.h">
      <Filter>imgui</Filter>
    </ClInclude>
    <ClInclude Include="..\src\imgui\imgui_internal.h">
      <Filter>imgui</Filter>
    </ClInclude>
    <ClInclude Include="..\src\imgui\imgui_stdlib.h">
      <Filter>imgui</Filter>
    </ClInclude>
    <ClInclude Include="..\src\imgui\imstb_rectpack.h">
      <Filter>imgui</Filter>
    </ClInclude>
    <ClInclude Include="..\src\imgui\imstb_textedit.h">
      <Filter>imgui</Filter>
    </ClInclude>
    <ClInclude Include="..\src\imgui\imstb_truetype.h">
      <Filter>imgui</Filter>
    </ClInclude>
  </ItemGroup>
</Project>
